
Microsoft Visual Studio Solution File, Format Version 12.00
# Visual Studio 15
VisualStudioVersion = 15.0.28010.2016
MinimumVisualStudioVersion = 10.0.40219.1
Project("{FAE04EC0-301F-11D3-BF4B-00C04F79EFBC}") = "NetCoreTrial", "NetCoreTrial\NetCoreTrial.csproj", "{FCF8B9CC-00C0-48E1-AD31-309E7C5C5708}"
EndProject
Global
	GlobalSection(SolutionConfigurationPlatforms) = preSolution
		Debug|Any CPU = Debug|Any CPU
		Release|Any CPU = Release|Any CPU
	EndGlobalSection
	GlobalSection(ProjectConfigurationPlatforms) = postSolution
		{FCF8B9CC-00C0-48E1-AD31-309E7C5C5708}.Debug|Any CPU.ActiveCfg = Debug|Any CPU
		{FCF8B9CC-00C0-48E1-AD31-309E7C5C5708}.Debug|Any CPU.Build.0 = Debug|Any CPU
		{FCF8B9CC-00C0-48E1-AD31-309E7C5C5708}.Release|Any CPU.ActiveCfg = Release|Any CPU
		{FCF8B9CC-00C0-48E1-AD31-309E7C5C5708}.Release|Any CPU.Build.0 = Release|Any CPU
	EndGlobalSection
	GlobalSection(SolutionProperties) = preSolution
		HideSolutionNode = FALSE
	EndGlobalSection
	GlobalSection(ExtensibilityGlobals) = postSolution
		SolutionGuid = {A1F035FD-5A44-4327-9647-E41A09700539}
	EndGlobalSection
EndGlobal
